
Microsoft Visual Studio Solution File, Format Version 12.00
# Visual Studio Version 16
VisualStudioVersion = 16.0.31205.134
MinimumVisualStudioVersion = 10.0.40219.1
Project("{9092AA53-FB77-4645-B42D-1CCCA6BD08BD}") = "unicafe", "unicafe.njsproj", "{FB2C8F0F-8C14-4E95-9F5C-38C565D8A77D}"
EndProject
Global
	GlobalSection(SolutionConfigurationPlatforms) = preSolution
		Debug|Any CPU = Debug|Any CPU
		Release|Any CPU = Release|Any CPU
	EndGlobalSection
	GlobalSection(ProjectConfigurationPlatforms) = postSolution
		{FB2C8F0F-8C14-4E95-9F5C-38C565D8A77D}.Debug|Any CPU.ActiveCfg = Debug|Any CPU
		{FB2C8F0F-8C14-4E95-9F5C-38C565D8A77D}.Debug|Any CPU.Build.0 = Debug|Any CPU
		{FB2C8F0F-8C14-4E95-9F5C-38C565D8A77D}.Release|Any CPU.ActiveCfg = Release|Any CPU
		{FB2C8F0F-8C14-4E95-9F5C-38C565D8A77D}.Release|Any CPU.Build.0 = Release|Any CPU
	EndGlobalSection
	GlobalSection(SolutionProperties) = preSolution
		HideSolutionNode = FALSE
	EndGlobalSection
	GlobalSection(ExtensibilityGlobals) = postSolution
		SolutionGuid = {10BA7F96-091E-4A62-8C45-EC2DABABCF0E}
	EndGlobalSection
EndGlobal
